{
  "originHash" : "3ed56315e002e5c8ec1d72927617c504f14c5b6b8177937ba565144e84c19543",
  "pins" : [
    {
      "identity" : "union-buttons",
      "kind" : "remoteSourceControl",
      "location" : "https://github.com/unionst/union-buttons.git",
      "state" : {
        "revision" : "b3da07592437a1d4472afe72cbc1f68c5f19e42a",
        "version" : "2.1.11"
      }
    },
    {
      "identity" : "union-gestures",
      "kind" : "remoteSourceControl",
      "location" : "https://github.com/unionst/union-gestures.git",
      "state" : {
        "revision" : "e6128f1d09aa94af0f44ffd6859ca854586a0df1",
        "version" : "1.0.1"
      }
    },
    {
      "identity" : "union-haptics",
      "kind" : "remoteSourceControl",
      "location" : "https://github.com/unionst/union-haptics.git",
      "state" : {
        "revision" : "b876d2d90a7c8f4039939a0804882c9a3956e3c5",
        "version" : "1.2.1"
      }
    },
    {
      "identity" : "union-materials",
      "kind" : "remoteSourceControl",
      "location" : "https://github.com/unionst/union-materials.git",
      "state" : {
        "revision" : "51fbce583328ae86763e51069748144a2660a6c8",
        "version" : "1.0.1"
      }
    }
  ],
  "version" : 3
}
